
Microsoft Visual Studio Solution File, Format Version 12.00
# Visual Studio Version 17
VisualStudioVersion = 17.14.36811.4 d17.14
MinimumVisualStudioVersion = 10.0.40219.1
Project("{FAE04EC0-301F-11D3-BF4B-00C04F79EFBC}") = "Nox.API", "Nox.API\Nox.API.csproj", "{F7C3F1EF-B661-4B20-A16E-6EF44DE586BE}"
EndProject
Global
	GlobalSection(SolutionConfigurationPlatforms) = preSolution
		Debug|Any CPU = Debug|Any CPU
		Release|Any CPU = Release|Any CPU
	EndGlobalSection
	GlobalSection(ProjectConfigurationPlatforms) = postSolution
		{F7C3F1EF-B661-4B20-A16E-6EF44DE586BE}.Debug|Any CPU.ActiveCfg = Debug|Any CPU
		{F7C3F1EF-B661-4B20-A16E-6EF44DE586BE}.Debug|Any CPU.Build.0 = Debug|Any CPU
		{F7C3F1EF-B661-4B20-A16E-6EF44DE586BE}.Release|Any CPU.ActiveCfg = Release|Any CPU
		{F7C3F1EF-B661-4B20-A16E-6EF44DE586BE}.Release|Any CPU.Build.0 = Release|Any CPU
	EndGlobalSection
	GlobalSection(SolutionProperties) = preSolution
		HideSolutionNode = FALSE
	EndGlobalSection
	GlobalSection(ExtensibilityGlobals) = postSolution
		SolutionGuid = {EF47F41C-41EC-4BDD-A2E3-6933BE68A177}
	EndGlobalSection
EndGlobal
